
Microsoft Visual Studio Solution File, Format Version 12.00
# Visual Studio Version 16
VisualStudioVersion = 16.0.29519.181
MinimumVisualStudioVersion = 10.0.40219.1
Project("{FAE04EC0-301F-11D3-BF4B-00C04F79EFBC}") = "RubiksCubeSolver_SeniorProject", "RubiksCubeSolver_SeniorProject\RubiksCubeSolver_SeniorProject.csproj", "{19CFEFF5-7013-4DEA-A2AD-73A3A45B24F5}"
EndProject
Global
	GlobalSection(SolutionConfigurationPlatforms) = preSolution
		Debug|Any CPU = Debug|Any CPU
		Release|Any CPU = Release|Any CPU
	EndGlobalSection
	GlobalSection(ProjectConfigurationPlatforms) = postSolution
		{19CFEFF5-7013-4DEA-A2AD-73A3A45B24F5}.Debug|Any CPU.ActiveCfg = Debug|Any CPU
		{19CFEFF5-7013-4DEA-A2AD-73A3A45B24F5}.Debug|Any CPU.Build.0 = Debug|Any CPU
		{19CFEFF5-7013-4DEA-A2AD-73A3A45B24F5}.Release|Any CPU.ActiveCfg = Release|Any CPU
		{19CFEFF5-7013-4DEA-A2AD-73A3A45B24F5}.Release|Any CPU.Build.0 = Release|Any CPU
	EndGlobalSection
	GlobalSection(SolutionProperties) = preSolution
		HideSolutionNode = FALSE
	EndGlobalSection
	GlobalSection(ExtensibilityGlobals) = postSolution
		SolutionGuid = {1E3717D0-0E24-4B15-BF6C-DEF1C04BA350}
	EndGlobalSection
EndGlobal
